
Microsoft Visual Studio Solution File, Format Version 12.00
# Visual Studio Version 17
VisualStudioVersion = 17.9.34723.18
MinimumVisualStudioVersion = 10.0.40219.1
Project("{FAE04EC0-301F-11D3-BF4B-00C04F79EFBC}") = "DevQuestions.Domain", "src\DevQuestions.Domain\DevQuestions.Domain.csproj", "{CF772C68-E224-1D98-F0CD-EAD5B3784203}"
EndProject
Project("{2150E333-8FDC-42A3-9474-1A3956D46DE8}") = "src", "src", "{36D591C7-65C7-A0D1-1CBC-10CDE441BDC8}"
EndProject
Project("{FAE04EC0-301F-11D3-BF4B-00C04F79EFBC}") = "DevQuestions.Web", "src\DevQuestions.Web\DevQuestions.Web.csproj", "{A6F87B2D-15C2-4FE0-9AF3-687162D6561A}"
EndProject
Project("{FAE04EC0-301F-11D3-BF4B-00C04F79EFBC}") = "DevQuestions.Presenters", "src\DevQuestions.Presenters\DevQuestions.Presenters.csproj", "{5266859C-6BC6-4097-BF15-A39C40709B87}"
EndProject
Project("{2150E333-8FDC-42A3-9474-1A3956D46DE8}") = "SolutionItems", "SolutionItems", "{BA464106-F725-46B1-9A98-BAD841560037}"
	ProjectSection(SolutionItems) = preProject
		.editorconfig = .editorconfig
		Directory.Build.props = Directory.Build.props
	EndProjectSection
EndProject
Project("{FAE04EC0-301F-11D3-BF4B-00C04F79EFBC}") = "DevQuestions.Contracts", "src\DevQuestions.Contracts\DevQuestions.Contracts.csproj", "{28C8317F-FE67-49E5-A328-97C145FB1267}"
EndProject
Project("{FAE04EC0-301F-11D3-BF4B-00C04F79EFBC}") = "DevQuestions.Application", "src\DevQuestions.Application\DevQuestions.Application.csproj", "{B4AB85BE-F905-457B-84C6-3F0D17557A63}"
EndProject
Project("{FAE04EC0-301F-11D3-BF4B-00C04F79EFBC}") = "DevQuestions.Infrastructure.PostgreSql", "src\DevQuestions.Infrastructure.PostgreSql\DevQuestions.Infrastructure.PostgreSql.csproj", "{D25AB187-5A2F-4C4E-947E-6816D0A89B69}"
EndProject
Project("{FAE04EC0-301F-11D3-BF4B-00C04F79EFBC}") = "Shared", "src\Shared\Shared.csproj", "{D4AC1112-6E90-4612-BC21-C9C3B20D9572}"
EndProject
Global
	GlobalSection(SolutionConfigurationPlatforms) = preSolution
		Debug|Any CPU = Debug|Any CPU
		Release|Any CPU = Release|Any CPU
	EndGlobalSection
	GlobalSection(ProjectConfigurationPlatforms) = postSolution
		{CF772C68-E224-1D98-F0CD-EAD5B3784203}.Debug|Any CPU.ActiveCfg = Debug|Any CPU
		{CF772C68-E224-1D98-F0CD-EAD5B3784203}.Debug|Any CPU.Build.0 = Debug|Any CPU
		{CF772C68-E224-1D98-F0CD-EAD5B3784203}.Release|Any CPU.ActiveCfg = Release|Any CPU
		{CF772C68-E224-1D98-F0CD-EAD5B3784203}.Release|Any CPU.Build.0 = Release|Any CPU
		{A6F87B2D-15C2-4FE0-9AF3-687162D6561A}.Debug|Any CPU.ActiveCfg = Debug|Any CPU
		{A6F87B2D-15C2-4FE0-9AF3-687162D6561A}.Debug|Any CPU.Build.0 = Debug|Any CPU
		{A6F87B2D-15C2-4FE0-9AF3-687162D6561A}.Release|Any CPU.ActiveCfg = Release|Any CPU
		{A6F87B2D-15C2-4FE0-9AF3-687162D6561A}.Release|Any CPU.Build.0 = Release|Any CPU
		{5266859C-6BC6-4097-BF15-A39C40709B87}.Debug|Any CPU.ActiveCfg = Debug|Any CPU
		{5266859C-6BC6-4097-BF15-A39C40709B87}.Debug|Any CPU.Build.0 = Debug|Any CPU
		{5266859C-6BC6-4097-BF15-A39C40709B87}.Release|Any CPU.ActiveCfg = Release|Any CPU
		{5266859C-6BC6-4097-BF15-A39C40709B87}.Release|Any CPU.Build.0 = Release|Any CPU
		{28C8317F-FE67-49E5-A328-97C145FB1267}.Debug|Any CPU.ActiveCfg = Debug|Any CPU
		{28C8317F-FE67-49E5-A328-97C145FB1267}.Debug|Any CPU.Build.0 = Debug|Any CPU
		{28C8317F-FE67-49E5-A328-97C145FB1267}.Release|Any CPU.ActiveCfg = Release|Any CPU
		{28C8317F-FE67-49E5-A328-97C145FB1267}.Release|Any CPU.Build.0 = Release|Any CPU
		{B4AB85BE-F905-457B-84C6-3F0D17557A63}.Debug|Any CPU.ActiveCfg = Debug|Any CPU
		{B4AB85BE-F905-457B-84C6-3F0D17557A63}.Debug|Any CPU.Build.0 = Debug|Any CPU
		{B4AB85BE-F905-457B-84C6-3F0D17557A63}.Release|Any CPU.ActiveCfg = Release|Any CPU
		{B4AB85BE-F905-457B-84C6-3F0D17557A63}.Release|Any CPU.Build.0 = Release|Any CPU
		{D25AB187-5A2F-4C4E-947E-6816D0A89B69}.Debug|Any CPU.ActiveCfg = Debug|Any CPU
		{D25AB187-5A2F-4C4E-947E-6816D0A89B69}.Debug|Any CPU.Build.0 = Debug|Any CPU
		{D25AB187-5A2F-4C4E-947E-6816D0A89B69}.Release|Any CPU.ActiveCfg = Release|Any CPU
		{D25AB187-5A2F-4C4E-947E-6816D0A89B69}.Release|Any CPU.Build.0 = Release|Any CPU
		{D4AC1112-6E90-4612-BC21-C9C3B20D9572}.Debug|Any CPU.ActiveCfg = Debug|Any CPU
		{D4AC1112-6E90-4612-BC21-C9C3B20D9572}.Debug|Any CPU.Build.0 = Debug|Any CPU
		{D4AC1112-6E90-4612-BC21-C9C3B20D9572}.Release|Any CPU.ActiveCfg = Release|Any CPU
		{D4AC1112-6E90-4612-BC21-C9C3B20D9572}.Release|Any CPU.Build.0 = Release|Any CPU
	EndGlobalSection
	GlobalSection(SolutionProperties) = preSolution
		HideSolutionNode = FALSE
	EndGlobalSection
	GlobalSection(NestedProjects) = preSolution
		{CF772C68-E224-1D98-F0CD-EAD5B3784203} = {36D591C7-65C7-A0D1-1CBC-10CDE441BDC8}
		{A6F87B2D-15C2-4FE0-9AF3-687162D6561A} = {36D591C7-65C7-A0D1-1CBC-10CDE441BDC8}
		{5266859C-6BC6-4097-BF15-A39C40709B87} = {36D591C7-65C7-A0D1-1CBC-10CDE441BDC8}
		{28C8317F-FE67-49E5-A328-97C145FB1267} = {36D591C7-65C7-A0D1-1CBC-10CDE441BDC8}
		{B4AB85BE-F905-457B-84C6-3F0D17557A63} = {36D591C7-65C7-A0D1-1CBC-10CDE441BDC8}
		{D25AB187-5A2F-4C4E-947E-6816D0A89B69} = {36D591C7-65C7-A0D1-1CBC-10CDE441BDC8}
		{D4AC1112-6E90-4612-BC21-C9C3B20D9572} = {36D591C7-65C7-A0D1-1CBC-10CDE441BDC8}
	EndGlobalSection
	GlobalSection(ExtensibilityGlobals) = postSolution
		SolutionGuid = {5E73C81E-63E7-4C7E-9287-CBA4077DCAEF}
	EndGlobalSection
EndGlobal
